
Microsoft Visual Studio Solution File, Format Version 12.00
# Visual Studio Version 17
VisualStudioVersion = 17.2.32516.85
MinimumVisualStudioVersion = 10.0.40219.1
Project("{9A19103F-16F7-4668-BE54-9A1E7A4F7556}") = "RJ.Pay.Data", "RJ.Pay.Data\RJ.Pay.Data.csproj", "{29B62F56-D0CD-4596-A6F8-78D93C4344F9}"
EndProject
Project("{9A19103F-16F7-4668-BE54-9A1E7A4F7556}") = "RJ.Pay.Common", "RJ.Pay.Common\RJ.Pay.Common.csproj", "{D369A898-D5A5-4AAE-8951-0823E095D27D}"
EndProject
Project("{9A19103F-16F7-4668-BE54-9A1E7A4F7556}") = "RJ.Pay.Repo", "RJ.Pay.Repo\RJ.Pay.Repo.csproj", "{B6598EFB-B18A-458E-B51A-97D9B75837B1}"
EndProject
Project("{9A19103F-16F7-4668-BE54-9A1E7A4F7556}") = "RJ.Pay.Services", "RJ.Pay.Services\RJ.Pay.Services.csproj", "{1ACCEB8A-8927-47AF-AFC8-52C5F36E1CDA}"
EndProject
Project("{9A19103F-16F7-4668-BE54-9A1E7A4F7556}") = "RJ.Pay.Infrastructure", "RJ.Pay.Infrastructure\RJ.Pay.Infrastructure.csproj", "{2FF7070A-835B-4480-9826-647A4C6485DB}"
EndProject
Project("{9A19103F-16F7-4668-BE54-9A1E7A4F7556}") = "RJ.Pay.Presentation", "RJ.Pay.Presentation\RJ.Pay.Presentation.csproj", "{8A45A5D9-B320-48E9-917A-45304C23ABA1}"
EndProject
Project("{2150E333-8FDC-42A3-9474-1A3956D46DE8}") = "Documentation", "Documentation", "{A3FA26CF-C334-4EFA-B20B-80F73E2A93A9}"
	ProjectSection(SolutionItems) = preProject
		C:\Users\Geek\Downloads\onion architecture.png = C:\Users\Geek\Downloads\onion architecture.png
	EndProjectSection
EndProject
Global
	GlobalSection(SolutionConfigurationPlatforms) = preSolution
		Debug|Any CPU = Debug|Any CPU
		Release|Any CPU = Release|Any CPU
	EndGlobalSection
	GlobalSection(ProjectConfigurationPlatforms) = postSolution
		{29B62F56-D0CD-4596-A6F8-78D93C4344F9}.Debug|Any CPU.ActiveCfg = Debug|Any CPU
		{29B62F56-D0CD-4596-A6F8-78D93C4344F9}.Debug|Any CPU.Build.0 = Debug|Any CPU
		{29B62F56-D0CD-4596-A6F8-78D93C4344F9}.Release|Any CPU.ActiveCfg = Release|Any CPU
		{29B62F56-D0CD-4596-A6F8-78D93C4344F9}.Release|Any CPU.Build.0 = Release|Any CPU
		{D369A898-D5A5-4AAE-8951-0823E095D27D}.Debug|Any CPU.ActiveCfg = Debug|Any CPU
		{D369A898-D5A5-4AAE-8951-0823E095D27D}.Debug|Any CPU.Build.0 = Debug|Any CPU
		{D369A898-D5A5-4AAE-8951-0823E095D27D}.Release|Any CPU.ActiveCfg = Release|Any CPU
		{D369A898-D5A5-4AAE-8951-0823E095D27D}.Release|Any CPU.Build.0 = Release|Any CPU
		{B6598EFB-B18A-458E-B51A-97D9B75837B1}.Debug|Any CPU.ActiveCfg = Debug|Any CPU
		{B6598EFB-B18A-458E-B51A-97D9B75837B1}.Debug|Any CPU.Build.0 = Debug|Any CPU
		{B6598EFB-B18A-458E-B51A-97D9B75837B1}.Release|Any CPU.ActiveCfg = Release|Any CPU
		{B6598EFB-B18A-458E-B51A-97D9B75837B1}.Release|Any CPU.Build.0 = Release|Any CPU
		{1ACCEB8A-8927-47AF-AFC8-52C5F36E1CDA}.Debug|Any CPU.ActiveCfg = Debug|Any CPU
		{1ACCEB8A-8927-47AF-AFC8-52C5F36E1CDA}.Debug|Any CPU.Build.0 = Debug|Any CPU
		{1ACCEB8A-8927-47AF-AFC8-52C5F36E1CDA}.Release|Any CPU.ActiveCfg = Release|Any CPU
		{1ACCEB8A-8927-47AF-AFC8-52C5F36E1CDA}.Release|Any CPU.Build.0 = Release|Any CPU
		{2FF7070A-835B-4480-9826-647A4C6485DB}.Debug|Any CPU.ActiveCfg = Debug|Any CPU
		{2FF7070A-835B-4480-9826-647A4C6485DB}.Debug|Any CPU.Build.0 = Debug|Any CPU
		{2FF7070A-835B-4480-9826-647A4C6485DB}.Release|Any CPU.ActiveCfg = Release|Any CPU
		{2FF7070A-835B-4480-9826-647A4C6485DB}.Release|Any CPU.Build.0 = Release|Any CPU
		{8A45A5D9-B320-48E9-917A-45304C23ABA1}.Debug|Any CPU.ActiveCfg = Debug|Any CPU
		{8A45A5D9-B320-48E9-917A-45304C23ABA1}.Debug|Any CPU.Build.0 = Debug|Any CPU
		{8A45A5D9-B320-48E9-917A-45304C23ABA1}.Release|Any CPU.ActiveCfg = Release|Any CPU
		{8A45A5D9-B320-48E9-917A-45304C23ABA1}.Release|Any CPU.Build.0 = Release|Any CPU
	EndGlobalSection
	GlobalSection(SolutionProperties) = preSolution
		HideSolutionNode = FALSE
	EndGlobalSection
	GlobalSection(ExtensibilityGlobals) = postSolution
		SolutionGuid = {A9655EB9-3C8D-4AF7-87E7-BAFFA0B76652}
	EndGlobalSection
EndGlobal
